// !$*UTF8*$!
{
	archiveVersion = 1;
	classes = {
	};
	objectVersion = 50;
	objects = {

/* Begin PBXBuildFile section */
		0C102BA022B8A6CC00EDFFDA /* Shorts Family StickerPackExtension.appex in Embed App Extensions */ = {isa = PBXBuildFile; fileRef = 0C102B9F22B8A6CC00EDFFDA /* Shorts Family StickerPackExtension.appex */; settings = {ATTRIBUTES = (RemoveHeadersOnCopy, ); }; };
		0C102BA422B8A6CC00EDFFDA /* Stickers.xcstickers in Resources */ = {isa = PBXBuildFile; fileRef = 0C102BA322B8A6CC00EDFFDA /* Stickers.xcstickers */; };
		0C102BA522B8A6CC00EDFFDA /* Stickers.xcstickers in Resources */ = {isa = PBXBuildFile; fileRef = 0C102BA322B8A6CC00EDFFDA /* Stickers.xcstickers */; };
/* End PBXBuildFile section */

/* Begin PBXContainerItemProxy section */
		0C102BA122B8A6CC00EDFFDA /* PBXContainerItemProxy */ = {
			isa = PBXContainerItemProxy;
			containerPortal = 0C102B9522B8A6CC00EDFFDA /* Project object */;
			proxyType = 1;
			remoteGlobalIDString = 0C102B9E22B8A6CC00EDFFDA;
			remoteInfo = "Shorts Family StickerPackExtension";
		};
/* End PBXContainerItemProxy section */

/* Begin PBXCopyFilesBuildPhase section */
		0C102BAB22B8A6CC00EDFFDA /* Embed App Extensions */ = {
			isa = PBXCopyFilesBuildPhase;
			buildActionMask = 2147483647;
			dstPath = "";
			dstSubfolderSpec = 13;
			files = (
				0C102BA022B8A6CC00EDFFDA /* Shorts Family StickerPackExtension.appex in Embed App Extensions */,
			);
			name = "Embed App Extensions";
			runOnlyForDeploymentPostprocessing = 0;
		};
/* End PBXCopyFilesBuildPhase section */

/* Begin PBXFileReference section */
		0C102B9B22B8A6CC00EDFFDA /* Shorts Family.app */ = {isa = PBXFileReference; explicitFileType = wrapper.application; includeInIndex = 0; path = "Shorts Family.app"; sourceTree = BUILT_PRODUCTS_DIR; };
		0C102B9F22B8A6CC00EDFFDA /* Shorts Family StickerPackExtension.appex */ = {isa = PBXFileReference; explicitFileType = "wrapper.app-extension"; includeInIndex = 0; path = "Shorts Family StickerPackExtension.appex"; sourceTree = BUILT_PRODUCTS_DIR; };
		0C102BA322B8A6CC00EDFFDA /* Stickers.xcstickers */ = {isa = PBXFileReference; lastKnownFileType = folder.stickers; name = Stickers.xcstickers; path = "Shorts Family StickerPackExtension/Stickers.xcstickers"; sourceTree = "<group>"; };
/* End PBXFileReference section */

/* Begin PBXGroup section */
		0C102B9422B8A6CC00EDFFDA = {
			isa = PBXGroup;
			children = (
				0C102BA322B8A6CC00EDFFDA /* Stickers.xcstickers */,
				0C102B9C22B8A6CC00EDFFDA /* Products */,
			);
			sourceTree = "<group>";
		};
		0C102B9C22B8A6CC00EDFFDA /* Products */ = {
			isa = PBXGroup;
			children = (
				0C102B9B22B8A6CC00EDFFDA /* Shorts Family.app */,
				0C102B9F22B8A6CC00EDFFDA /* Shorts Family StickerPackExtension.appex */,
			);
			name = Products;
			sourceTree = "<group>";
		};
/* End PBXGroup section */

/* Begin PBXNativeTarget section */
		0C102B9A22B8A6CC00EDFFDA /* Shorts Family */ = {
			isa = PBXNativeTarget;
			buildConfigurationList = 0C102BAC22B8A6CC00EDFFDA /* Build configuration list for PBXNativeTarget "Shorts Family" */;
			buildPhases = (
				0C102B9922B8A6CC00EDFFDA /* Resources */,
				0C102BAB22B8A6CC00EDFFDA /* Embed App Extensions */,
			);
			buildRules = (
			);
			dependencies = (
				0C102BA222B8A6CC00EDFFDA /* PBXTargetDependency */,
			);
			name = "Shorts Family";
			productName = "Shorts Family";
			productReference = 0C102B9B22B8A6CC00EDFFDA /* Shorts Family.app */;
			productType = "com.apple.product-type.application.messages";
		};
		0C102B9E22B8A6CC00EDFFDA /* Shorts Family StickerPackExtension */ = {
			isa = PBXNativeTarget;
			buildConfigurationList = 0C102BA822B8A6CC00EDFFDA /* Build configuration list for PBXNativeTarget "Shorts Family StickerPackExtension" */;
			buildPhases = (
				0C102B9D22B8A6CC00EDFFDA /* Resources */,
			);
			buildRules = (
			);
			dependencies = (
			);
			name = "Shorts Family StickerPackExtension";
			productName = "Shorts Family StickerPackExtension";
			productReference = 0C102B9F22B8A6CC00EDFFDA /* Shorts Family StickerPackExtension.appex */;
			productType = "com.apple.product-type.app-extension.messages-sticker-pack";
		};
/* End PBXNativeTarget section */

/* Begin PBXProject section */
		0C102B9522B8A6CC00EDFFDA /* Project object */ = {
			isa = PBXProject;
			attributes = {
				LastUpgradeCheck = 1020;
				ORGANIZATIONNAME = "Zachary Shorts";
				TargetAttributes = {
					0C102B9A22B8A6CC00EDFFDA = {
						CreatedOnToolsVersion = 10.2.1;
					};
					0C102B9E22B8A6CC00EDFFDA = {
						CreatedOnToolsVersion = 10.2.1;
					};
				};
			};
			buildConfigurationList = 0C102B9822B8A6CC00EDFFDA /* Build configuration list for PBXProject "Shorts Family" */;
			compatibilityVersion = "Xcode 9.3";
			developmentRegion = en;
			hasScannedForEncodings = 0;
			knownRegions = (
				en,
			);
			mainGroup = 0C102B9422B8A6CC00EDFFDA;
			productRefGroup = 0C102B9C22B8A6CC00EDFFDA /* Products */;
			projectDirPath = "";
			projectRoot = "";
			targets = (
				0C102B9A22B8A6CC00EDFFDA /* Shorts Family */,
				0C102B9E22B8A6CC00EDFFDA /* Shorts Family StickerPackExtension */,
			);
		};
/* End PBXProject section */

/* Begin PBXResourcesBuildPhase section */
		0C102B9922B8A6CC00EDFFDA /* Resources */ = {
			isa = PBXResourcesBuildPhase;
			buildActionMask = 2147483647;
			files = (
				0C102BA522B8A6CC00EDFFDA /* Stickers.xcstickers in Resources */,
			);
			runOnlyForDeploymentPostprocessing = 0;
		};
		0C102B9D22B8A6CC00EDFFDA /* Resources */ = {
			isa = PBXResourcesBuildPhase;
			buildActionMask = 2147483647;
			files = (
				0C102BA422B8A6CC00EDFFDA /* Stickers.xcstickers in Resources */,
			);
			runOnlyForDeploymentPostprocessing = 0;
		};
/* End PBXResourcesBuildPhase section */

/* Begin PBXTargetDependency section */
		0C102BA222B8A6CC00EDFFDA /* PBXTargetDependency */ = {
			isa = PBXTargetDependency;
			target = 0C102B9E22B8A6CC00EDFFDA /* Shorts Family StickerPackExtension */;
			targetProxy = 0C102BA122B8A6CC00EDFFDA /* PBXContainerItemProxy */;
		};
/* End PBXTargetDependency section */

/* Begin XCBuildConfiguration section */
		0C102BA622B8A6CC00EDFFDA /* Debug */ = {
			isa = XCBuildConfiguration;
			buildSettings = {
				ALWAYS_SEARCH_USER_PATHS = NO;
				CLANG_ANALYZER_NONNULL = YES;
				CLANG_ANALYZER_NUMBER_OBJECT_CONVERSION = YES_AGGRESSIVE;
				CLANG_CXX_LANGUAGE_STANDARD = "gnu++14";
				CLANG_CXX_LIBRARY = "libc++";
				CLANG_ENABLE_MODULES = YES;
				CLANG_ENABLE_OBJC_ARC = YES;
				CLANG_ENABLE_OBJC_WEAK = YES;
				CLANG_WARN_BLOCK_CAPTURE_AUTORELEASING = YES;
				CLANG_WARN_BOOL_CONVERSION = YES;
				CLANG_WARN_COMMA = YES;
				CLANG_WARN_CONSTANT_CONVERSION = YES;
				CLANG_WARN_DEPRECATED_OBJC_IMPLEMENTATIONS = YES;
				CLANG_WARN_DIRECT_OBJC_ISA_USAGE = YES_ERROR;
				CLANG_WARN_DOCUMENTATION_COMMENTS = YES;
				CLANG_WARN_EMPTY_BODY = YES;
				CLANG_WARN_ENUM_CONVERSION = YES;
				CLANG_WARN_INFINITE_RECURSION = YES;
				CLANG_WARN_INT_CONVERSION = YES;
				CLANG_WARN_NON_LITERAL_NULL_CONVERSION = YES;
				CLANG_WARN_OBJC_IMPLICIT_RETAIN_SELF = YES;
				CLANG_WARN_OBJC_LITERAL_CONVERSION = YES;
				CLANG_WARN_OBJC_ROOT_CLASS = YES_ERROR;
				CLANG_WARN_RANGE_LOOP_ANALYSIS = YES;
				CLANG_WARN_STRICT_PROTOTYPES = YES;
				CLANG_WARN_SUSPICIOUS_MOVE = YES;
				CLANG_WARN_UNGUARDED_AVAILABILITY = YES_AGGRESSIVE;
				CLANG_WARN_UNREACHABLE_CODE = YES;
				CLANG_WARN__DUPLICATE_METHOD_MATCH = YES;
				CODE_SIGN_IDENTITY = "iPhone Developer";
				COPY_PHASE_STRIP = NO;
				DEBUG_INFORMATION_FORMAT = dwarf;
				ENABLE_STRICT_OBJC_MSGSEND = YES;
				ENABLE_TESTABILITY = YES;
				GCC_C_LANGUAGE_STANDARD = gnu11;
				GCC_DYNAMIC_NO_PIC = NO;
				GCC_NO_COMMON_BLOCKS = YES;
				GCC_OPTIMIZATION_LEVEL = 0;
				GCC_PREPROCESSOR_DEFINITIONS = (
					"DEBUG=1",
					"$(inherited)",
				);
				GCC_WARN_64_TO_32_BIT_CONVERSION = YES;
				GCC_WARN_ABOUT_RETURN_TYPE = YES_ERROR;
				GCC_WARN_UNDECLARED_SELECTOR = YES;
				GCC_WARN_UNINITIALIZED_AUTOS = YES_AGGRESSIVE;
				GCC_WARN_UNUSED_FUNCTION = YES;
				GCC_WARN_UNUSED_VARIABLE = YES;
				IPHONEOS_DEPLOYMENT_TARGET = 12.2;
				MTL_ENABLE_DEBUG_INFO = INCLUDE_SOURCE;
				MTL_FAST_MATH = YES;
				ONLY_ACTIVE_ARCH = YES;
				SDKROOT = iphoneos;
			};
			name = Debug;
		};
		0C102BA722B8A6CC00EDFFDA /* Release */ = {
			isa = XCBuildConfiguration;
			buildSettings = {
				ALWAYS_SEARCH_USER_PATHS = NO;
				CLANG_ANALYZER_NONNULL = YES;
				CLANG_ANALYZER_NUMBER_OBJECT_CONVERSION = YES_AGGRESSIVE;
				CLANG_CXX_LANGUAGE_STANDARD = "gnu++14";
				CLANG_CXX_LIBRARY = "libc++";
				CLANG_ENABLE_MODULES = YES;
				CLANG_ENABLE_OBJC_ARC = YES;
				CLANG_ENABLE_OBJC_WEAK = YES;
				CLANG_WARN_BLOCK_CAPTURE_AUTORELEASING = YES;
				CLANG_WARN_BOOL_CONVERSION = YES;
				CLANG_WARN_COMMA = YES;
				CLANG_WARN_CONSTANT_CONVERSION = YES;
				CLANG_WARN_DEPRECATED_OBJC_IMPLEMENTATIONS = YES;
				CLANG_WARN_DIRECT_OBJC_ISA_USAGE = YES_ERROR;
				CLANG_WARN_DOCUMENTATION_COMMENTS = YES;
				CLANG_WARN_EMPTY_BODY = YES;
				CLANG_WARN_ENUM_CONVERSION = YES;
				CLANG_WARN_INFINITE_RECURSION = YES;
				CLANG_WARN_INT_CONVERSION = YES;
				CLANG_WARN_NON_LITERAL_NULL_CONVERSION = YES;
				CLANG_WARN_OBJC_IMPLICIT_RETAIN_SELF = YES;
				CLANG_WARN_OBJC_LITERAL_CONVERSION = YES;
				CLANG_WARN_OBJC_ROOT_CLASS = YES_ERROR;
				CLANG_WARN_RANGE_LOOP_ANALYSIS = YES;
				CLANG_WARN_STRICT_PROTOTYPES = YES;
				CLANG_WARN_SUSPICIOUS_MOVE = YES;
				CLANG_WARN_UNGUARDED_AVAILABILITY = YES_AGGRESSIVE;
				CLANG_WARN_UNREACHABLE_CODE = YES;
				CLANG_WARN__DUPLICATE_METHOD_MATCH = YES;
				CODE_SIGN_IDENTITY = "iPhone Developer";
				COPY_PHASE_STRIP = NO;
				DEBUG_INFORMATION_FORMAT = "dwarf-with-dsym";
				ENABLE_NS_ASSERTIONS = NO;
				ENABLE_STRICT_OBJC_MSGSEND = YES;
				GCC_C_LANGUAGE_STANDARD = gnu11;
				GCC_NO_COMMON_BLOCKS = YES;
				GCC_WARN_64_TO_32_BIT_CONVERSION = YES;
				GCC_WARN_ABOUT_RETURN_TYPE = YES_ERROR;
				GCC_WARN_UNDECLARED_SELECTOR = YES;
				GCC_WARN_UNINITIALIZED_AUTOS = YES_AGGRESSIVE;
				GCC_WARN_UNUSED_FUNCTION = YES;
				GCC_WARN_UNUSED_VARIABLE = YES;
				IPHONEOS_DEPLOYMENT_TARGET = 12.2;
				MTL_ENABLE_DEBUG_INFO = NO;
				MTL_FAST_MATH = YES;
				SDKROOT = iphoneos;
				VALIDATE_PRODUCT = YES;
			};
			name = Release;
		};
		0C102BA922B8A6CC00EDFFDA /* Debug */ = {
			isa = XCBuildConfiguration;
			buildSettings = {
				ASSETCATALOG_COMPILER_APPICON_NAME = "iMessage App Icon";
				CODE_SIGN_STYLE = Automatic;
				INFOPLIST_FILE = "Shorts Family StickerPackExtension/Info.plist";
				IPHONEOS_DEPLOYMENT_TARGET = 10.0;
				PRODUCT_BUNDLE_IDENTIFIER = "zackshorts.Shorts-Family.StickerPackExtension";
				PRODUCT_NAME = "$(TARGET_NAME)";
				SKIP_INSTALL = YES;
				TARGETED_DEVICE_FAMILY = "1,2";
			};
			name = Debug;
		};
		0C102BAA22B8A6CC00EDFFDA /* Release */ = {
			isa = XCBuildConfiguration;
			buildSettings = {
				ASSETCATALOG_COMPILER_APPICON_NAME = "iMessage App Icon";
				CODE_SIGN_STYLE = Automatic;
				INFOPLIST_FILE = "Shorts Family StickerPackExtension/Info.plist";
				IPHONEOS_DEPLOYMENT_TARGET = 10.0;
				PRODUCT_BUNDLE_IDENTIFIER = "zackshorts.Shorts-Family.StickerPackExtension";
				PRODUCT_NAME = "$(TARGET_NAME)";
				SKIP_INSTALL = YES;
				TARGETED_DEVICE_FAMILY = "1,2";
			};
			name = Release;
		};
		0C102BAD22B8A6CC00EDFFDA /* Debug */ = {
			isa = XCBuildConfiguration;
			buildSettings = {
				ASSETCATALOG_COMPILER_APPICON_NAME = "iMessage App Icon";
				CODE_SIGN_STYLE = Automatic;
				INFOPLIST_FILE = "Shorts Family/Info.plist";
				IPHONEOS_DEPLOYMENT_TARGET = 10.0;
				PRODUCT_BUNDLE_IDENTIFIER = "zackshorts.Shorts-Family";
				PRODUCT_NAME = "$(TARGET_NAME)";
				TARGETED_DEVICE_FAMILY = "1,2";
			};
			name = Debug;
		};
		0C102BAE22B8A6CC00EDFFDA /* Release */ = {
			isa = XCBuildConfiguration;
			buildSettings = {
				ASSETCATALOG_COMPILER_APPICON_NAME = "iMessage App Icon";
				CODE_SIGN_STYLE = Automatic;
				INFOPLIST_FILE = "Shorts Family/Info.plist";
				IPHONEOS_DEPLOYMENT_TARGET = 10.0;
				PRODUCT_BUNDLE_IDENTIFIER = "zackshorts.Shorts-Family";
				PRODUCT_NAME = "$(TARGET_NAME)";
				TARGETED_DEVICE_FAMILY = "1,2";
			};
			name = Release;
		};
/* End XCBuildConfiguration section */

/* Begin XCConfigurationList section */
		0C102B9822B8A6CC00EDFFDA /* Build configuration list for PBXProject "Shorts Family" */ = {
			isa = XCConfigurationList;
			buildConfigurations = (
				0C102BA622B8A6CC00EDFFDA /* Debug */,
				0C102BA722B8A6CC00EDFFDA /* Release */,
			);
			defaultConfigurationIsVisible = 0;
			defaultConfigurationName = Release;
		};
		0C102BA822B8A6CC00EDFFDA /* Build configuration list for PBXNativeTarget "Shorts Family StickerPackExtension" */ = {
			isa = XCConfigurationList;
			buildConfigurations = (
				0C102BA922B8A6CC00EDFFDA /* Debug */,
				0C102BAA22B8A6CC00EDFFDA /* Release */,
			);
			defaultConfigurationIsVisible = 0;
			defaultConfigurationName = Release;
		};
		0C102BAC22B8A6CC00EDFFDA /* Build configuration list for PBXNativeTarget "Shorts Family" */ = {
			isa = XCConfigurationList;
			buildConfigurations = (
				0C102BAD22B8A6CC00EDFFDA /* Debug */,
				0C102BAE22B8A6CC00EDFFDA /* Release */,
			);
			defaultConfigurationIsVisible = 0;
			defaultConfigurationName = Release;
		};
/* End XCConfigurationList section */
	};
	rootObject = 0C102B9522B8A6CC00EDFFDA /* Project object */;
}
